
Microsoft Visual Studio Solution File, Format Version 12.00
# Visual Studio Version 16
VisualStudioVersion = 16.0.33801.447
MinimumVisualStudioVersion = 10.0.40219.1
Project("{FAE04EC0-301F-11D3-BF4B-00C04F79EFBC}") = "4A2ZnakoveSubory01", "4A2ZnakoveSubory01\4A2ZnakoveSubory01.csproj", "{5A0CE478-4ABF-4886-A473-955EB393552E}"
EndProject
Global
	GlobalSection(SolutionConfigurationPlatforms) = preSolution
		Debug|Any CPU = Debug|Any CPU
		Release|Any CPU = Release|Any CPU
	EndGlobalSection
	GlobalSection(ProjectConfigurationPlatforms) = postSolution
		{5A0CE478-4ABF-4886-A473-955EB393552E}.Debug|Any CPU.ActiveCfg = Debug|Any CPU
		{5A0CE478-4ABF-4886-A473-955EB393552E}.Debug|Any CPU.Build.0 = Debug|Any CPU
		{5A0CE478-4ABF-4886-A473-955EB393552E}.Release|Any CPU.ActiveCfg = Release|Any CPU
		{5A0CE478-4ABF-4886-A473-955EB393552E}.Release|Any CPU.Build.0 = Release|Any CPU
	EndGlobalSection
	GlobalSection(SolutionProperties) = preSolution
		HideSolutionNode = FALSE
	EndGlobalSection
	GlobalSection(ExtensibilityGlobals) = postSolution
		SolutionGuid = {E19C53A7-F619-40B3-B29A-B60E29E4B148}
	EndGlobalSection
EndGlobal
