
Microsoft Visual Studio Solution File, Format Version 12.00
# Visual Studio Version 16
VisualStudioVersion = 16.0.33801.447
MinimumVisualStudioVersion = 10.0.40219.1
Project("{FAE04EC0-301F-11D3-BF4B-00C04F79EFBC}") = "4A1NahdneCislaVPoli", "4A1NahdneCislaVPoli\4A1NahdneCislaVPoli.csproj", "{0D40D8B2-B549-4567-A5C4-F54DE4130A4F}"
EndProject
Global
	GlobalSection(SolutionConfigurationPlatforms) = preSolution
		Debug|Any CPU = Debug|Any CPU
		Release|Any CPU = Release|Any CPU
	EndGlobalSection
	GlobalSection(ProjectConfigurationPlatforms) = postSolution
		{0D40D8B2-B549-4567-A5C4-F54DE4130A4F}.Debug|Any CPU.ActiveCfg = Debug|Any CPU
		{0D40D8B2-B549-4567-A5C4-F54DE4130A4F}.Debug|Any CPU.Build.0 = Debug|Any CPU
		{0D40D8B2-B549-4567-A5C4-F54DE4130A4F}.Release|Any CPU.ActiveCfg = Release|Any CPU
		{0D40D8B2-B549-4567-A5C4-F54DE4130A4F}.Release|Any CPU.Build.0 = Release|Any CPU
	EndGlobalSection
	GlobalSection(SolutionProperties) = preSolution
		HideSolutionNode = FALSE
	EndGlobalSection
	GlobalSection(ExtensibilityGlobals) = postSolution
		SolutionGuid = {CF8F4AD4-FACD-4030-83A1-C441C6BFB1D9}
	EndGlobalSection
EndGlobal
